// !$*UTF8*$!
{
	archiveVersion = 1;
	classes = {
	};
	objectVersion = 55;
	objects = {

/* Begin PBXBuildFile section */
		3F71FA102735850700FCF5B0 /* ChewhuahuaApp.swift in Sources */ = {isa = PBXBuildFile; fileRef = 3F71FA0F2735850700FCF5B0 /* ChewhuahuaApp.swift */; };
		3F71FA122735850700FCF5B0 /* ContentView.swift in Sources */ = {isa = PBXBuildFile; fileRef = 3F71FA112735850700FCF5B0 /* ContentView.swift */; };
		3F71FA142735850900FCF5B0 /* Assets.xcassets in Resources */ = {isa = PBXBuildFile; fileRef = 3F71FA132735850900FCF5B0 /* Assets.xcassets */; };
		3F71FA172735850900FCF5B0 /* Preview Assets.xcassets in Resources */ = {isa = PBXBuildFile; fileRef = 3F71FA162735850900FCF5B0 /* Preview Assets.xcassets */; };
		3F71FA1C2735850900FCF5B0 /* Chewhuahua.xcdatamodeld in Sources */ = {isa = PBXBuildFile; fileRef = 3F71FA1A2735850900FCF5B0 /* Chewhuahua.xcdatamodeld */; };
		3FAA548027358DA5008FEB73 /* CoreDataStack.swift in Sources */ = {isa = PBXBuildFile; fileRef = 3FAA547F27358DA5008FEB73 /* CoreDataStack.swift */; };
		3FAA548327358DCD008FEB73 /* CoreDataRepository.swift in Sources */ = {isa = PBXBuildFile; fileRef = 3FAA548227358DCD008FEB73 /* CoreDataRepository.swift */; };
		3FAA548527358E78008FEB73 /* AppDependencyContainer.swift in Sources */ = {isa = PBXBuildFile; fileRef = 3FAA548427358E78008FEB73 /* AppDependencyContainer.swift */; };
		3FAA548827358F15008FEB73 /* MainView.swift in Sources */ = {isa = PBXBuildFile; fileRef = 3FAA548727358F15008FEB73 /* MainView.swift */; };
		3FAA548A27358F38008FEB73 /* MainViewModel.swift in Sources */ = {isa = PBXBuildFile; fileRef = 3FAA548927358F38008FEB73 /* MainViewModel.swift */; };
		3FAA548D27359008008FEB73 /* HomeView.swift in Sources */ = {isa = PBXBuildFile; fileRef = 3FAA548C27359008008FEB73 /* HomeView.swift */; };
		3FAA548F2735901B008FEB73 /* HomeViewModel.swift in Sources */ = {isa = PBXBuildFile; fileRef = 3FAA548E2735901B008FEB73 /* HomeViewModel.swift */; };
		3FAA54922735906D008FEB73 /* HistoryView.swift in Sources */ = {isa = PBXBuildFile; fileRef = 3FAA54912735906D008FEB73 /* HistoryView.swift */; };
		3FAA549427359086008FEB73 /* HistoryViewModel.swift in Sources */ = {isa = PBXBuildFile; fileRef = 3FAA549327359086008FEB73 /* HistoryViewModel.swift */; };
		3FAA54972735922E008FEB73 /* ProductView.swift in Sources */ = {isa = PBXBuildFile; fileRef = 3FAA54962735922E008FEB73 /* ProductView.swift */; };
		3FAA549927359245008FEB73 /* ProductViewModel.swift in Sources */ = {isa = PBXBuildFile; fileRef = 3FAA549827359245008FEB73 /* ProductViewModel.swift */; };
		3FAA549C273592B8008FEB73 /* ScanView.swift in Sources */ = {isa = PBXBuildFile; fileRef = 3FAA549B273592B8008FEB73 /* ScanView.swift */; };
		3FAA549E273592CA008FEB73 /* ScanViewModel.swift in Sources */ = {isa = PBXBuildFile; fileRef = 3FAA549D273592CA008FEB73 /* ScanViewModel.swift */; };
/* End PBXBuildFile section */

/* Begin PBXFileReference section */
		3F71FA0C2735850700FCF5B0 /* Chewhuahua.app */ = {isa = PBXFileReference; explicitFileType = wrapper.application; includeInIndex = 0; path = Chewhuahua.app; sourceTree = BUILT_PRODUCTS_DIR; };
		3F71FA0F2735850700FCF5B0 /* ChewhuahuaApp.swift */ = {isa = PBXFileReference; lastKnownFileType = sourcecode.swift; path = ChewhuahuaApp.swift; sourceTree = "<group>"; };
		3F71FA112735850700FCF5B0 /* ContentView.swift */ = {isa = PBXFileReference; lastKnownFileType = sourcecode.swift; path = ContentView.swift; sourceTree = "<group>"; };
		3F71FA132735850900FCF5B0 /* Assets.xcassets */ = {isa = PBXFileReference; lastKnownFileType = folder.assetcatalog; path = Assets.xcassets; sourceTree = "<group>"; };
		3F71FA162735850900FCF5B0 /* Preview Assets.xcassets */ = {isa = PBXFileReference; lastKnownFileType = folder.assetcatalog; path = "Preview Assets.xcassets"; sourceTree = "<group>"; };
		3F71FA1B2735850900FCF5B0 /* Chewhuahua.xcdatamodel */ = {isa = PBXFileReference; lastKnownFileType = wrapper.xcdatamodel; path = Chewhuahua.xcdatamodel; sourceTree = "<group>"; };
		3FAA547F27358DA5008FEB73 /* CoreDataStack.swift */ = {isa = PBXFileReference; lastKnownFileType = sourcecode.swift; path = CoreDataStack.swift; sourceTree = "<group>"; };
		3FAA548227358DCD008FEB73 /* CoreDataRepository.swift */ = {isa = PBXFileReference; lastKnownFileType = sourcecode.swift; path = CoreDataRepository.swift; sourceTree = "<group>"; };
		3FAA548427358E78008FEB73 /* AppDependencyContainer.swift */ = {isa = PBXFileReference; lastKnownFileType = sourcecode.swift; path = AppDependencyContainer.swift; sourceTree = "<group>"; };
		3FAA548727358F15008FEB73 /* MainView.swift */ = {isa = PBXFileReference; lastKnownFileType = sourcecode.swift; path = MainView.swift; sourceTree = "<group>"; };
		3FAA548927358F38008FEB73 /* MainViewModel.swift */ = {isa = PBXFileReference; lastKnownFileType = sourcecode.swift; path = MainViewModel.swift; sourceTree = "<group>"; };
		3FAA548C27359008008FEB73 /* HomeView.swift */ = {isa = PBXFileReference; lastKnownFileType = sourcecode.swift; path = HomeView.swift; sourceTree = "<group>"; };
		3FAA548E2735901B008FEB73 /* HomeViewModel.swift */ = {isa = PBXFileReference; lastKnownFileType = sourcecode.swift; path = HomeViewModel.swift; sourceTree = "<group>"; };
		3FAA54912735906D008FEB73 /* HistoryView.swift */ = {isa = PBXFileReference; lastKnownFileType = sourcecode.swift; path = HistoryView.swift; sourceTree = "<group>"; };
		3FAA549327359086008FEB73 /* HistoryViewModel.swift */ = {isa = PBXFileReference; lastKnownFileType = sourcecode.swift; path = HistoryViewModel.swift; sourceTree = "<group>"; };
		3FAA54962735922E008FEB73 /* ProductView.swift */ = {isa = PBXFileReference; lastKnownFileType = sourcecode.swift; path = ProductView.swift; sourceTree = "<group>"; };
		3FAA549827359245008FEB73 /* ProductViewModel.swift */ = {isa = PBXFileReference; lastKnownFileType = sourcecode.swift; path = ProductViewModel.swift; sourceTree = "<group>"; };
		3FAA549B273592B8008FEB73 /* ScanView.swift */ = {isa = PBXFileReference; lastKnownFileType = sourcecode.swift; path = ScanView.swift; sourceTree = "<group>"; };
		3FAA549D273592CA008FEB73 /* ScanViewModel.swift */ = {isa = PBXFileReference; lastKnownFileType = sourcecode.swift; path = ScanViewModel.swift; sourceTree = "<group>"; };
/* End PBXFileReference section */

/* Begin PBXFrameworksBuildPhase section */
		3F71FA092735850700FCF5B0 /* Frameworks */ = {
			isa = PBXFrameworksBuildPhase;
			buildActionMask = 2147483647;
			files = (
			);
			runOnlyForDeploymentPostprocessing = 0;
		};
/* End PBXFrameworksBuildPhase section */

/* Begin PBXGroup section */
		3F71FA032735850700FCF5B0 = {
			isa = PBXGroup;
			children = (
				3F71FA0E2735850700FCF5B0 /* Chewhuahua */,
				3F71FA0D2735850700FCF5B0 /* Products */,
			);
			sourceTree = "<group>";
		};
		3F71FA0D2735850700FCF5B0 /* Products */ = {
			isa = PBXGroup;
			children = (
				3F71FA0C2735850700FCF5B0 /* Chewhuahua.app */,
			);
			name = Products;
			sourceTree = "<group>";
		};
		3F71FA0E2735850700FCF5B0 /* Chewhuahua */ = {
			isa = PBXGroup;
			children = (
				3FAA547E27358D6F008FEB73 /* CoreData */,
				3FAA547D27358D64008FEB73 /* Extensions */,
				3FAA547C27358D59008FEB73 /* Views */,
				3F71FA0F2735850700FCF5B0 /* ChewhuahuaApp.swift */,
				3FAA548427358E78008FEB73 /* AppDependencyContainer.swift */,
				3F71FA112735850700FCF5B0 /* ContentView.swift */,
				3F71FA132735850900FCF5B0 /* Assets.xcassets */,
				3F71FA152735850900FCF5B0 /* Preview Content */,
			);
			path = Chewhuahua;
			sourceTree = "<group>";
		};
		3F71FA152735850900FCF5B0 /* Preview Content */ = {
			isa = PBXGroup;
			children = (
				3F71FA162735850900FCF5B0 /* Preview Assets.xcassets */,
			);
			path = "Preview Content";
			sourceTree = "<group>";
		};
		3FAA547C27358D59008FEB73 /* Views */ = {
			isa = PBXGroup;
			children = (
				3FAA549A2735929E008FEB73 /* Scan Screen */,
				3FAA549527359210008FEB73 /* Product Screen */,
				3FAA54902735903C008FEB73 /* History Screen */,
				3FAA548B27358FC6008FEB73 /* Home Screen */,
				3FAA548627358F02008FEB73 /* Main Screen */,
			);
			path = Views;
			sourceTree = "<group>";
		};
		3FAA547D27358D64008FEB73 /* Extensions */ = {
			isa = PBXGroup;
			children = (
			);
			path = Extensions;
			sourceTree = "<group>";
		};
		3FAA547E27358D6F008FEB73 /* CoreData */ = {
			isa = PBXGroup;
			children = (
				3F71FA1A2735850900FCF5B0 /* Chewhuahua.xcdatamodeld */,
				3FAA547F27358DA5008FEB73 /* CoreDataStack.swift */,
				3FAA548227358DCD008FEB73 /* CoreDataRepository.swift */,
			);
			path = CoreData;
			sourceTree = "<group>";
		};
		3FAA548627358F02008FEB73 /* Main Screen */ = {
			isa = PBXGroup;
			children = (
				3FAA548727358F15008FEB73 /* MainView.swift */,
				3FAA548927358F38008FEB73 /* MainViewModel.swift */,
			);
			path = "Main Screen";
			sourceTree = "<group>";
		};
		3FAA548B27358FC6008FEB73 /* Home Screen */ = {
			isa = PBXGroup;
			children = (
				3FAA548C27359008008FEB73 /* HomeView.swift */,
				3FAA548E2735901B008FEB73 /* HomeViewModel.swift */,
			);
			path = "Home Screen";
			sourceTree = "<group>";
		};
		3FAA54902735903C008FEB73 /* History Screen */ = {
			isa = PBXGroup;
			children = (
				3FAA54912735906D008FEB73 /* HistoryView.swift */,
				3FAA549327359086008FEB73 /* HistoryViewModel.swift */,
			);
			path = "History Screen";
			sourceTree = "<group>";
		};
		3FAA549527359210008FEB73 /* Product Screen */ = {
			isa = PBXGroup;
			children = (
				3FAA54962735922E008FEB73 /* ProductView.swift */,
				3FAA549827359245008FEB73 /* ProductViewModel.swift */,
			);
			path = "Product Screen";
			sourceTree = "<group>";
		};
		3FAA549A2735929E008FEB73 /* Scan Screen */ = {
			isa = PBXGroup;
			children = (
				3FAA549B273592B8008FEB73 /* ScanView.swift */,
				3FAA549D273592CA008FEB73 /* ScanViewModel.swift */,
			);
			path = "Scan Screen";
			sourceTree = "<group>";
		};
/* End PBXGroup section */

/* Begin PBXNativeTarget section */
		3F71FA0B2735850700FCF5B0 /* Chewhuahua */ = {
			isa = PBXNativeTarget;
			buildConfigurationList = 3F71FA1F2735850900FCF5B0 /* Build configuration list for PBXNativeTarget "Chewhuahua" */;
			buildPhases = (
				3F71FA082735850700FCF5B0 /* Sources */,
				3F71FA092735850700FCF5B0 /* Frameworks */,
				3F71FA0A2735850700FCF5B0 /* Resources */,
			);
			buildRules = (
			);
			dependencies = (
			);
			name = Chewhuahua;
			productName = Chewhuahua;
			productReference = 3F71FA0C2735850700FCF5B0 /* Chewhuahua.app */;
			productType = "com.apple.product-type.application";
		};
/* End PBXNativeTarget section */

/* Begin PBXProject section */
		3F71FA042735850700FCF5B0 /* Project object */ = {
			isa = PBXProject;
			attributes = {
				BuildIndependentTargetsInParallel = 1;
				LastSwiftUpdateCheck = 1310;
				LastUpgradeCheck = 1310;
				TargetAttributes = {
					3F71FA0B2735850700FCF5B0 = {
						CreatedOnToolsVersion = 13.1;
					};
				};
			};
			buildConfigurationList = 3F71FA072735850700FCF5B0 /* Build configuration list for PBXProject "Chewhuahua" */;
			compatibilityVersion = "Xcode 13.0";
			developmentRegion = en;
			hasScannedForEncodings = 0;
			knownRegions = (
				en,
				Base,
			);
			mainGroup = 3F71FA032735850700FCF5B0;
			productRefGroup = 3F71FA0D2735850700FCF5B0 /* Products */;
			projectDirPath = "";
			projectRoot = "";
			targets = (
				3F71FA0B2735850700FCF5B0 /* Chewhuahua */,
			);
		};
/* End PBXProject section */

/* Begin PBXResourcesBuildPhase section */
		3F71FA0A2735850700FCF5B0 /* Resources */ = {
			isa = PBXResourcesBuildPhase;
			buildActionMask = 2147483647;
			files = (
				3F71FA172735850900FCF5B0 /* Preview Assets.xcassets in Resources */,
				3F71FA142735850900FCF5B0 /* Assets.xcassets in Resources */,
			);
			runOnlyForDeploymentPostprocessing = 0;
		};
/* End PBXResourcesBuildPhase section */

/* Begin PBXSourcesBuildPhase section */
		3F71FA082735850700FCF5B0 /* Sources */ = {
			isa = PBXSourcesBuildPhase;
			buildActionMask = 2147483647;
			files = (
				3FAA549E273592CA008FEB73 /* ScanViewModel.swift in Sources */,
				3FAA548027358DA5008FEB73 /* CoreDataStack.swift in Sources */,
				3FAA54922735906D008FEB73 /* HistoryView.swift in Sources */,
				3FAA548F2735901B008FEB73 /* HomeViewModel.swift in Sources */,
				3FAA548827358F15008FEB73 /* MainView.swift in Sources */,
				3FAA54972735922E008FEB73 /* ProductView.swift in Sources */,
				3FAA548527358E78008FEB73 /* AppDependencyContainer.swift in Sources */,
				3FAA548D27359008008FEB73 /* HomeView.swift in Sources */,
				3F71FA122735850700FCF5B0 /* ContentView.swift in Sources */,
				3FAA549C273592B8008FEB73 /* ScanView.swift in Sources */,
				3F71FA1C2735850900FCF5B0 /* Chewhuahua.xcdatamodeld in Sources */,
				3FAA548327358DCD008FEB73 /* CoreDataRepository.swift in Sources */,
				3F71FA102735850700FCF5B0 /* ChewhuahuaApp.swift in Sources */,
				3FAA549427359086008FEB73 /* HistoryViewModel.swift in Sources */,
				3FAA548A27358F38008FEB73 /* MainViewModel.swift in Sources */,
				3FAA549927359245008FEB73 /* ProductViewModel.swift in Sources */,
			);
			runOnlyForDeploymentPostprocessing = 0;
		};
/* End PBXSourcesBuildPhase section */

/* Begin XCBuildConfiguration section */
		3F71FA1D2735850900FCF5B0 /* Debug */ = {
			isa = XCBuildConfiguration;
			buildSettings = {
				ALWAYS_SEARCH_USER_PATHS = NO;
				CLANG_ANALYZER_NONNULL = YES;
				CLANG_ANALYZER_NUMBER_OBJECT_CONVERSION = YES_AGGRESSIVE;
				CLANG_CXX_LANGUAGE_STANDARD = "gnu++17";
				CLANG_CXX_LIBRARY = "libc++";
				CLANG_ENABLE_MODULES = YES;
				CLANG_ENABLE_OBJC_ARC = YES;
				CLANG_ENABLE_OBJC_WEAK = YES;
				CLANG_WARN_BLOCK_CAPTURE_AUTORELEASING = YES;
				CLANG_WARN_BOOL_CONVERSION = YES;
				CLANG_WARN_COMMA = YES;
				CLANG_WARN_CONSTANT_CONVERSION = YES;
				CLANG_WARN_DEPRECATED_OBJC_IMPLEMENTATIONS = YES;
				CLANG_WARN_DIRECT_OBJC_ISA_USAGE = YES_ERROR;
				CLANG_WARN_DOCUMENTATION_COMMENTS = YES;
				CLANG_WARN_EMPTY_BODY = YES;
				CLANG_WARN_ENUM_CONVERSION = YES;
				CLANG_WARN_INFINITE_RECURSION = YES;
				CLANG_WARN_INT_CONVERSION = YES;
				CLANG_WARN_NON_LITERAL_NULL_CONVERSION = YES;
				CLANG_WARN_OBJC_IMPLICIT_RETAIN_SELF = YES;
				CLANG_WARN_OBJC_LITERAL_CONVERSION = YES;
				CLANG_WARN_OBJC_ROOT_CLASS = YES_ERROR;
				CLANG_WARN_QUOTED_INCLUDE_IN_FRAMEWORK_HEADER = YES;
				CLANG_WARN_RANGE_LOOP_ANALYSIS = YES;
				CLANG_WARN_STRICT_PROTOTYPES = YES;
				CLANG_WARN_SUSPICIOUS_MOVE = YES;
				CLANG_WARN_UNGUARDED_AVAILABILITY = YES_AGGRESSIVE;
				CLANG_WARN_UNREACHABLE_CODE = YES;
				CLANG_WARN__DUPLICATE_METHOD_MATCH = YES;
				COPY_PHASE_STRIP = NO;
				DEBUG_INFORMATION_FORMAT = dwarf;
				ENABLE_STRICT_OBJC_MSGSEND = YES;
				ENABLE_TESTABILITY = YES;
				GCC_C_LANGUAGE_STANDARD = gnu11;
				GCC_DYNAMIC_NO_PIC = NO;
				GCC_NO_COMMON_BLOCKS = YES;
				GCC_OPTIMIZATION_LEVEL = 0;
				GCC_PREPROCESSOR_DEFINITIONS = (
					"DEBUG=1",
					"$(inherited)",
				);
				GCC_WARN_64_TO_32_BIT_CONVERSION = YES;
				GCC_WARN_ABOUT_RETURN_TYPE = YES_ERROR;
				GCC_WARN_UNDECLARED_SELECTOR = YES;
				GCC_WARN_UNINITIALIZED_AUTOS = YES_AGGRESSIVE;
				GCC_WARN_UNUSED_FUNCTION = YES;
				GCC_WARN_UNUSED_VARIABLE = YES;
				IPHONEOS_DEPLOYMENT_TARGET = 15.0;
				MTL_ENABLE_DEBUG_INFO = INCLUDE_SOURCE;
				MTL_FAST_MATH = YES;
				ONLY_ACTIVE_ARCH = YES;
				SDKROOT = iphoneos;
				SWIFT_ACTIVE_COMPILATION_CONDITIONS = DEBUG;
				SWIFT_OPTIMIZATION_LEVEL = "-Onone";
			};
			name = Debug;
		};
		3F71FA1E2735850900FCF5B0 /* Release */ = {
			isa = XCBuildConfiguration;
			buildSettings = {
				ALWAYS_SEARCH_USER_PATHS = NO;
				CLANG_ANALYZER_NONNULL = YES;
				CLANG_ANALYZER_NUMBER_OBJECT_CONVERSION = YES_AGGRESSIVE;
				CLANG_CXX_LANGUAGE_STANDARD = "gnu++17";
				CLANG_CXX_LIBRARY = "libc++";
				CLANG_ENABLE_MODULES = YES;
				CLANG_ENABLE_OBJC_ARC = YES;
				CLANG_ENABLE_OBJC_WEAK = YES;
				CLANG_WARN_BLOCK_CAPTURE_AUTORELEASING = YES;
				CLANG_WARN_BOOL_CONVERSION = YES;
				CLANG_WARN_COMMA = YES;
				CLANG_WARN_CONSTANT_CONVERSION = YES;
				CLANG_WARN_DEPRECATED_OBJC_IMPLEMENTATIONS = YES;
				CLANG_WARN_DIRECT_OBJC_ISA_USAGE = YES_ERROR;
				CLANG_WARN_DOCUMENTATION_COMMENTS = YES;
				CLANG_WARN_EMPTY_BODY = YES;
				CLANG_WARN_ENUM_CONVERSION = YES;
				CLANG_WARN_INFINITE_RECURSION = YES;
				CLANG_WARN_INT_CONVERSION = YES;
				CLANG_WARN_NON_LITERAL_NULL_CONVERSION = YES;
				CLANG_WARN_OBJC_IMPLICIT_RETAIN_SELF = YES;
				CLANG_WARN_OBJC_LITERAL_CONVERSION = YES;
				CLANG_WARN_OBJC_ROOT_CLASS = YES_ERROR;
				CLANG_WARN_QUOTED_INCLUDE_IN_FRAMEWORK_HEADER = YES;
				CLANG_WARN_RANGE_LOOP_ANALYSIS = YES;
				CLANG_WARN_STRICT_PROTOTYPES = YES;
				CLANG_WARN_SUSPICIOUS_MOVE = YES;
				CLANG_WARN_UNGUARDED_AVAILABILITY = YES_AGGRESSIVE;
				CLANG_WARN_UNREACHABLE_CODE = YES;
				CLANG_WARN__DUPLICATE_METHOD_MATCH = YES;
				COPY_PHASE_STRIP = NO;
				DEBUG_INFORMATION_FORMAT = "dwarf-with-dsym";
				ENABLE_NS_ASSERTIONS = NO;
				ENABLE_STRICT_OBJC_MSGSEND = YES;
				GCC_C_LANGUAGE_STANDARD = gnu11;
				GCC_NO_COMMON_BLOCKS = YES;
				GCC_WARN_64_TO_32_BIT_CONVERSION = YES;
				GCC_WARN_ABOUT_RETURN_TYPE = YES_ERROR;
				GCC_WARN_UNDECLARED_SELECTOR = YES;
				GCC_WARN_UNINITIALIZED_AUTOS = YES_AGGRESSIVE;
				GCC_WARN_UNUSED_FUNCTION = YES;
				GCC_WARN_UNUSED_VARIABLE = YES;
				IPHONEOS_DEPLOYMENT_TARGET = 15.0;
				MTL_ENABLE_DEBUG_INFO = NO;
				MTL_FAST_MATH = YES;
				SDKROOT = iphoneos;
				SWIFT_COMPILATION_MODE = wholemodule;
				SWIFT_OPTIMIZATION_LEVEL = "-O";
				VALIDATE_PRODUCT = YES;
			};
			name = Release;
		};
		3F71FA202735850900FCF5B0 /* Debug */ = {
			isa = XCBuildConfiguration;
			buildSettings = {
				ASSETCATALOG_COMPILER_APPICON_NAME = AppIcon;
				ASSETCATALOG_COMPILER_GLOBAL_ACCENT_COLOR_NAME = AccentColor;
				CODE_SIGN_STYLE = Automatic;
				CURRENT_PROJECT_VERSION = 1;
				DEVELOPMENT_ASSET_PATHS = "\"Chewhuahua/Preview Content\"";
				DEVELOPMENT_TEAM = 55MMS4NHP8;
				ENABLE_PREVIEWS = YES;
				GENERATE_INFOPLIST_FILE = YES;
				INFOPLIST_KEY_UIApplicationSceneManifest_Generation = YES;
				INFOPLIST_KEY_UIApplicationSupportsIndirectInputEvents = YES;
				INFOPLIST_KEY_UILaunchScreen_Generation = YES;
				INFOPLIST_KEY_UISupportedInterfaceOrientations = UIInterfaceOrientationPortrait;
				INFOPLIST_KEY_UISupportedInterfaceOrientations_iPad = "UIInterfaceOrientationPortrait UIInterfaceOrientationPortraitUpsideDown UIInterfaceOrientationLandscapeLeft UIInterfaceOrientationLandscapeRight";
				INFOPLIST_KEY_UISupportedInterfaceOrientations_iPhone = "UIInterfaceOrientationPortrait UIInterfaceOrientationLandscapeLeft UIInterfaceOrientationLandscapeRight";
				LD_RUNPATH_SEARCH_PATHS = (
					"$(inherited)",
					"@executable_path/Frameworks",
				);
				MARKETING_VERSION = 1.0;
				PRODUCT_BUNDLE_IDENTIFIER = com.thinkdirtyapp.Chewhuahua;
				PRODUCT_NAME = "$(TARGET_NAME)";
				SWIFT_EMIT_LOC_STRINGS = YES;
				SWIFT_VERSION = 5.0;
				TARGETED_DEVICE_FAMILY = 1;
			};
			name = Debug;
		};
		3F71FA212735850900FCF5B0 /* Release */ = {
			isa = XCBuildConfiguration;
			buildSettings = {
				ASSETCATALOG_COMPILER_APPICON_NAME = AppIcon;
				ASSETCATALOG_COMPILER_GLOBAL_ACCENT_COLOR_NAME = AccentColor;
				CODE_SIGN_STYLE = Automatic;
				CURRENT_PROJECT_VERSION = 1;
				DEVELOPMENT_ASSET_PATHS = "\"Chewhuahua/Preview Content\"";
				DEVELOPMENT_TEAM = 55MMS4NHP8;
				ENABLE_PREVIEWS = YES;
				GENERATE_INFOPLIST_FILE = YES;
				INFOPLIST_KEY_UIApplicationSceneManifest_Generation = YES;
				INFOPLIST_KEY_UIApplicationSupportsIndirectInputEvents = YES;
				INFOPLIST_KEY_UILaunchScreen_Generation = YES;
				INFOPLIST_KEY_UISupportedInterfaceOrientations = UIInterfaceOrientationPortrait;
				INFOPLIST_KEY_UISupportedInterfaceOrientations_iPad = "UIInterfaceOrientationPortrait UIInterfaceOrientationPortraitUpsideDown UIInterfaceOrientationLandscapeLeft UIInterfaceOrientationLandscapeRight";
				INFOPLIST_KEY_UISupportedInterfaceOrientations_iPhone = "UIInterfaceOrientationPortrait UIInterfaceOrientationLandscapeLeft UIInterfaceOrientationLandscapeRight";
				LD_RUNPATH_SEARCH_PATHS = (
					"$(inherited)",
					"@executable_path/Frameworks",
				);
				MARKETING_VERSION = 1.0;
				PRODUCT_BUNDLE_IDENTIFIER = com.thinkdirtyapp.Chewhuahua;
				PRODUCT_NAME = "$(TARGET_NAME)";
				SWIFT_EMIT_LOC_STRINGS = YES;
				SWIFT_VERSION = 5.0;
				TARGETED_DEVICE_FAMILY = 1;
			};
			name = Release;
		};
/* End XCBuildConfiguration section */

/* Begin XCConfigurationList section */
		3F71FA072735850700FCF5B0 /* Build configuration list for PBXProject "Chewhuahua" */ = {
			isa = XCConfigurationList;
			buildConfigurations = (
				3F71FA1D2735850900FCF5B0 /* Debug */,
				3F71FA1E2735850900FCF5B0 /* Release */,
			);
			defaultConfigurationIsVisible = 0;
			defaultConfigurationName = Release;
		};
		3F71FA1F2735850900FCF5B0 /* Build configuration list for PBXNativeTarget "Chewhuahua" */ = {
			isa = XCConfigurationList;
			buildConfigurations = (
				3F71FA202735850900FCF5B0 /* Debug */,
				3F71FA212735850900FCF5B0 /* Release */,
			);
			defaultConfigurationIsVisible = 0;
			defaultConfigurationName = Release;
		};
/* End XCConfigurationList section */

/* Begin XCVersionGroup section */
		3F71FA1A2735850900FCF5B0 /* Chewhuahua.xcdatamodeld */ = {
			isa = XCVersionGroup;
			children = (
				3F71FA1B2735850900FCF5B0 /* Chewhuahua.xcdatamodel */,
			);
			currentVersion = 3F71FA1B2735850900FCF5B0 /* Chewhuahua.xcdatamodel */;
			path = Chewhuahua.xcdatamodeld;
			sourceTree = "<group>";
			versionGroupType = wrapper.xcdatamodel;
		};
/* End XCVersionGroup section */
	};
	rootObject = 3F71FA042735850700FCF5B0 /* Project object */;
}
